
Microsoft Visual Studio Solution File, Format Version 12.00
# Visual Studio 15
Project("{FAE04EC0-301F-11D3-BF4B-00C04F79EFBC}") = "VRTRIXGlove_Unity3D_SDK", "Assembly-CSharp.csproj", "{07C672A3-EFB4-7A2E-102F-217D557AAA0A}"
EndProject
Global
	GlobalSection(SolutionConfigurationPlatforms) = preSolution
		Debug|Any CPU = Debug|Any CPU
		Release|Any CPU = Release|Any CPU
	EndGlobalSection
	GlobalSection(ProjectConfigurationPlatforms) = postSolution
		{07C672A3-EFB4-7A2E-102F-217D557AAA0A}.Debug|Any CPU.ActiveCfg = Debug|Any CPU
		{07C672A3-EFB4-7A2E-102F-217D557AAA0A}.Debug|Any CPU.Build.0 = Debug|Any CPU
		{07C672A3-EFB4-7A2E-102F-217D557AAA0A}.Release|Any CPU.ActiveCfg = Release|Any CPU
		{07C672A3-EFB4-7A2E-102F-217D557AAA0A}.Release|Any CPU.Build.0 = Release|Any CPU
	EndGlobalSection
	GlobalSection(SolutionProperties) = preSolution
		HideSolutionNode = FALSE
	EndGlobalSection
EndGlobal
