
Microsoft Visual Studio Solution File, Format Version 12.00
# Visual Studio 15
Project("{FAE04EC0-301F-11D3-BF4B-00C04F79EFBC}") = "VRTRIXGlove_Unity3D_SDK", "VRTRIXGlove_Unity3D_SDK.csproj", "{914629D9-EA07-E9CC-3607-6C5CE74CA885}"
EndProject
Global
	GlobalSection(SolutionConfigurationPlatforms) = preSolution
		Debug|Any CPU = Debug|Any CPU
		Release|Any CPU = Release|Any CPU
	EndGlobalSection
	GlobalSection(ProjectConfigurationPlatforms) = postSolution
		{914629D9-EA07-E9CC-3607-6C5CE74CA885}.Debug|Any CPU.ActiveCfg = Debug|Any CPU
		{914629D9-EA07-E9CC-3607-6C5CE74CA885}.Debug|Any CPU.Build.0 = Debug|Any CPU
		{914629D9-EA07-E9CC-3607-6C5CE74CA885}.Release|Any CPU.ActiveCfg = Release|Any CPU
		{914629D9-EA07-E9CC-3607-6C5CE74CA885}.Release|Any CPU.Build.0 = Release|Any CPU
	EndGlobalSection
	GlobalSection(SolutionProperties) = preSolution
		HideSolutionNode = FALSE
	EndGlobalSection
EndGlobal
